
Microsoft Visual Studio Solution File, Format Version 12.00
# Visual Studio Version 17
VisualStudioVersion = 17.0.31903.59
MinimumVisualStudioVersion = 10.0.40219.1
Project("{FAE04EC0-301F-11D3-BF4B-00C04F79EFBC}") = "ThreadsApp", "ThreadsApp\ThreadsApp.csproj", "{F76DFF0A-2E7C-4782-A474-FED05A779164}"
EndProject
Project("{FAE04EC0-301F-11D3-BF4B-00C04F79EFBC}") = "ThreadsApp.CoreBusiness", "ThreadsApp.CoreBusiness\ThreadsApp.CoreBusiness.csproj", "{71A7EC52-BA29-449C-BCDE-ECBE6BEA82DF}"
EndProject
Global
	GlobalSection(SolutionConfigurationPlatforms) = preSolution
		Debug|Any CPU = Debug|Any CPU
		Release|Any CPU = Release|Any CPU
	EndGlobalSection
	GlobalSection(SolutionProperties) = preSolution
		HideSolutionNode = FALSE
	EndGlobalSection
	GlobalSection(ProjectConfigurationPlatforms) = postSolution
		{F76DFF0A-2E7C-4782-A474-FED05A779164}.Debug|Any CPU.ActiveCfg = Debug|Any CPU
		{F76DFF0A-2E7C-4782-A474-FED05A779164}.Debug|Any CPU.Build.0 = Debug|Any CPU
		{F76DFF0A-2E7C-4782-A474-FED05A779164}.Release|Any CPU.ActiveCfg = Release|Any CPU
		{F76DFF0A-2E7C-4782-A474-FED05A779164}.Release|Any CPU.Build.0 = Release|Any CPU
		{71A7EC52-BA29-449C-BCDE-ECBE6BEA82DF}.Debug|Any CPU.ActiveCfg = Debug|Any CPU
		{71A7EC52-BA29-449C-BCDE-ECBE6BEA82DF}.Debug|Any CPU.Build.0 = Debug|Any CPU
		{71A7EC52-BA29-449C-BCDE-ECBE6BEA82DF}.Release|Any CPU.ActiveCfg = Release|Any CPU
		{71A7EC52-BA29-449C-BCDE-ECBE6BEA82DF}.Release|Any CPU.Build.0 = Release|Any CPU
	EndGlobalSection
EndGlobal
